{
  "name": "venda-de-passagens",
  "version": "1.0.0",
  "lockfileVersion": 3,
  "requires": true,
  "packages": {
    "": {
      "name": "venda-de-passagens",
      "version": "1.0.0",
      "license": "ISC",
      "devDependencies": {
        "abc": "^0.6.1"
      }
    },
    "node_modules/abc": {
      "version": "0.6.1",
      "resolved": "https://registry.npmjs.org/abc/-/abc-0.6.1.tgz",
      "integrity": "sha512-+SVuw9ZL4zUqrPmuBU/+hMn5u6JVZwuH79zG598dyQXIUCde5P8Hr+u/CQkZLGRqbue5Hp28/10RVCDoUkt6eg==",
      "dev": true,
      "engines": {
        "node": ">=0.4.0"
      }
    }
  }
}
